# This file is automatically @generated by Cargo.
# It is not intended for manual editing.
version = 4

[[package]]
name = "typed-html"
version = "0.1.0"
dependencies = [
 "typst-assets",
]

[[package]]
name = "typst-assets"
version = "0.13.1"
source = "git+https://github.com/typst/typst-assets?rev=fbf00f9#fbf00f9539fdb0825bef4d39fb57d5986c51b756"
